
Microsoft Visual Studio Solution File, Format Version 12.00
# Visual Studio Version 16
VisualStudioVersion = 16.0.30717.126
MinimumVisualStudioVersion = 10.0.40219.1
Project("{9A19103F-16F7-4668-BE54-9A1E7A4F7556}") = "DesafioSoftFocus.Api", "DesafioSoftFocus.Api\DesafioSoftFocus.Api.csproj", "{7A5A1BF2-3F97-4910-82AE-3E19EDCB376E}"
EndProject
Project("{FAE04EC0-301F-11D3-BF4B-00C04F79EFBC}") = "DesafioSoftFocus.Test", "DesafioSoftFocus.Test\DesafioSoftFocus.Test.csproj", "{C495566A-3C9E-4392-A512-63E7FCED3107}"
EndProject
Global
	GlobalSection(SolutionConfigurationPlatforms) = preSolution
		Debug|Any CPU = Debug|Any CPU
		Release|Any CPU = Release|Any CPU
	EndGlobalSection
	GlobalSection(ProjectConfigurationPlatforms) = postSolution
		{7A5A1BF2-3F97-4910-82AE-3E19EDCB376E}.Debug|Any CPU.ActiveCfg = Debug|Any CPU
		{7A5A1BF2-3F97-4910-82AE-3E19EDCB376E}.Debug|Any CPU.Build.0 = Debug|Any CPU
		{7A5A1BF2-3F97-4910-82AE-3E19EDCB376E}.Release|Any CPU.ActiveCfg = Release|Any CPU
		{7A5A1BF2-3F97-4910-82AE-3E19EDCB376E}.Release|Any CPU.Build.0 = Release|Any CPU
		{C495566A-3C9E-4392-A512-63E7FCED3107}.Debug|Any CPU.ActiveCfg = Debug|Any CPU
		{C495566A-3C9E-4392-A512-63E7FCED3107}.Debug|Any CPU.Build.0 = Debug|Any CPU
		{C495566A-3C9E-4392-A512-63E7FCED3107}.Release|Any CPU.ActiveCfg = Release|Any CPU
		{C495566A-3C9E-4392-A512-63E7FCED3107}.Release|Any CPU.Build.0 = Release|Any CPU
	EndGlobalSection
	GlobalSection(SolutionProperties) = preSolution
		HideSolutionNode = FALSE
	EndGlobalSection
	GlobalSection(ExtensibilityGlobals) = postSolution
		SolutionGuid = {AD760607-9730-4F11-863D-AEB33CE62EF2}
	EndGlobalSection
EndGlobal
